
Microsoft Visual Studio Solution File, Format Version 11.00
# Visual Studio 2010
Project("{FAE04EC0-301F-11D3-BF4B-00C04F79EFBC}") = "ValheimBrawlerUnity", "ValheimBrawlerUnity.csproj", "{2b00533b-3b49-857f-d9ed-d5944c9532fe}"
EndProject
Project("{FAE04EC0-301F-11D3-BF4B-00C04F79EFBC}") = "ValheimBrawlerUnityEditor", "ValheimBrawlerUnityEditor.csproj", "{331f34cf-8f50-998a-b10a-0afb334222f3}"
EndProject
Global
	GlobalSection(SolutionConfigurationPlatforms) = preSolution
		Debug|Any CPU = Debug|Any CPU
		Release|Any CPU = Release|Any CPU
	EndGlobalSection
	GlobalSection(ProjectConfigurationPlatforms) = postSolution
		{2b00533b-3b49-857f-d9ed-d5944c9532fe}.Debug|Any CPU.ActiveCfg = Debug|Any CPU
		{2b00533b-3b49-857f-d9ed-d5944c9532fe}.Debug|Any CPU.Build.0 = Debug|Any CPU
		{2b00533b-3b49-857f-d9ed-d5944c9532fe}.Release|Any CPU.ActiveCfg = Release|Any CPU
		{2b00533b-3b49-857f-d9ed-d5944c9532fe}.Release|Any CPU.Build.0 = Release|Any CPU
		{331f34cf-8f50-998a-b10a-0afb334222f3}.Debug|Any CPU.ActiveCfg = Debug|Any CPU
		{331f34cf-8f50-998a-b10a-0afb334222f3}.Debug|Any CPU.Build.0 = Debug|Any CPU
		{331f34cf-8f50-998a-b10a-0afb334222f3}.Release|Any CPU.ActiveCfg = Release|Any CPU
		{331f34cf-8f50-998a-b10a-0afb334222f3}.Release|Any CPU.Build.0 = Release|Any CPU
	EndGlobalSection
	GlobalSection(SolutionProperties) = preSolution
		HideSolutionNode = FALSE
	EndGlobalSection
EndGlobal
